
Microsoft Visual Studio Solution File, Format Version 12.00
# Visual Studio Version 16
VisualStudioVersion = 16.0.34031.81
MinimumVisualStudioVersion = 10.0.40219.1
Project("{FAE04EC0-301F-11D3-BF4B-00C04F79EFBC}") = "Tyuiu.NovikovNS.Sprint4.TaskReview.V13", "Tyuiu.NovikovNS.Sprint4.TaskReview.V13\Tyuiu.NovikovNS.Sprint4.TaskReview.V13.csproj", "{D2F852B9-189C-4861-9BA4-FF7C872B31C2}"
EndProject
Project("{FAE04EC0-301F-11D3-BF4B-00C04F79EFBC}") = "Tyuiu.NovikovNS.Sprint4.TaskReview.V13.Lib", "Tyuiu.NovikovNS.Sprint4.TaskReview.V13.Lib\Tyuiu.NovikovNS.Sprint4.TaskReview.V13.Lib.csproj", "{5965B282-D280-477C-B917-CC1AB7C9F98E}"
EndProject
Project("{FAE04EC0-301F-11D3-BF4B-00C04F79EFBC}") = "Tyuiu.NovikovNS.Sprint4.TaskReview.V13.Test", "Tyuiu.NovikovNS.Sprint4.TaskReview.V13.Test\Tyuiu.NovikovNS.Sprint4.TaskReview.V13.Test.csproj", "{FA7513AF-C2AA-422F-A689-892C985D2F69}"
EndProject
Global
	GlobalSection(SolutionConfigurationPlatforms) = preSolution
		Debug|Any CPU = Debug|Any CPU
		Release|Any CPU = Release|Any CPU
	EndGlobalSection
	GlobalSection(ProjectConfigurationPlatforms) = postSolution
		{D2F852B9-189C-4861-9BA4-FF7C872B31C2}.Debug|Any CPU.ActiveCfg = Debug|Any CPU
		{D2F852B9-189C-4861-9BA4-FF7C872B31C2}.Debug|Any CPU.Build.0 = Debug|Any CPU
		{D2F852B9-189C-4861-9BA4-FF7C872B31C2}.Release|Any CPU.ActiveCfg = Release|Any CPU
		{D2F852B9-189C-4861-9BA4-FF7C872B31C2}.Release|Any CPU.Build.0 = Release|Any CPU
		{5965B282-D280-477C-B917-CC1AB7C9F98E}.Debug|Any CPU.ActiveCfg = Debug|Any CPU
		{5965B282-D280-477C-B917-CC1AB7C9F98E}.Debug|Any CPU.Build.0 = Debug|Any CPU
		{5965B282-D280-477C-B917-CC1AB7C9F98E}.Release|Any CPU.ActiveCfg = Release|Any CPU
		{5965B282-D280-477C-B917-CC1AB7C9F98E}.Release|Any CPU.Build.0 = Release|Any CPU
		{FA7513AF-C2AA-422F-A689-892C985D2F69}.Debug|Any CPU.ActiveCfg = Debug|Any CPU
		{FA7513AF-C2AA-422F-A689-892C985D2F69}.Debug|Any CPU.Build.0 = Debug|Any CPU
		{FA7513AF-C2AA-422F-A689-892C985D2F69}.Release|Any CPU.ActiveCfg = Release|Any CPU
		{FA7513AF-C2AA-422F-A689-892C985D2F69}.Release|Any CPU.Build.0 = Release|Any CPU
	EndGlobalSection
	GlobalSection(SolutionProperties) = preSolution
		HideSolutionNode = FALSE
	EndGlobalSection
	GlobalSection(ExtensibilityGlobals) = postSolution
		SolutionGuid = {957CD25D-FD39-4F4F-9B56-5A66E79AF3DE}
	EndGlobalSection
EndGlobal
